
Microsoft Visual Studio Solution File, Format Version 12.00
# Visual Studio Version 16
VisualStudioVersion = 16.0.31613.86
MinimumVisualStudioVersion = 10.0.40219.1
Project("{FAE04EC0-301F-11D3-BF4B-00C04F79EFBC}") = "B0226497_段昱如_PDPR _Week15_1", "B0226497_段昱如_PDPR _Week15_1.csproj", "{1F5628D6-2D62-4460-B8FF-F63F451A2785}"
EndProject
Global
	GlobalSection(SolutionConfigurationPlatforms) = preSolution
		Debug|Any CPU = Debug|Any CPU
		Release|Any CPU = Release|Any CPU
	EndGlobalSection
	GlobalSection(ProjectConfigurationPlatforms) = postSolution
		{1F5628D6-2D62-4460-B8FF-F63F451A2785}.Debug|Any CPU.ActiveCfg = Debug|Any CPU
		{1F5628D6-2D62-4460-B8FF-F63F451A2785}.Debug|Any CPU.Build.0 = Debug|Any CPU
		{1F5628D6-2D62-4460-B8FF-F63F451A2785}.Release|Any CPU.ActiveCfg = Release|Any CPU
		{1F5628D6-2D62-4460-B8FF-F63F451A2785}.Release|Any CPU.Build.0 = Release|Any CPU
	EndGlobalSection
	GlobalSection(SolutionProperties) = preSolution
		HideSolutionNode = FALSE
	EndGlobalSection
	GlobalSection(ExtensibilityGlobals) = postSolution
		SolutionGuid = {C029E311-BB52-4A9E-A9B5-E301A1B8A9F8}
	EndGlobalSection
EndGlobal
